// !$*UTF8*$!
{
	archiveVersion = 1;
	classes = {
	};
	objectVersion = 56;
	objects = {

/* Begin PBXBuildFile section */
		82A535F42C7DC2C2003614CC /* Animate_WeatherAppApp.swift in Sources */ = {isa = PBXBuildFile; fileRef = 82A535F32C7DC2C2003614CC /* Animate_WeatherAppApp.swift */; };
		82A535F62C7DC2C2003614CC /* ContentView.swift in Sources */ = {isa = PBXBuildFile; fileRef = 82A535F52C7DC2C2003614CC /* ContentView.swift */; };
		82A535F82C7DC2C4003614CC /* Assets.xcassets in Resources */ = {isa = PBXBuildFile; fileRef = 82A535F72C7DC2C4003614CC /* Assets.xcassets */; };
		82A535FB2C7DC2C4003614CC /* Preview Assets.xcassets in Resources */ = {isa = PBXBuildFile; fileRef = 82A535FA2C7DC2C4003614CC /* Preview Assets.xcassets */; };
		82A536092C7DC68B003614CC /* Extensions.swift in Sources */ = {isa = PBXBuildFile; fileRef = 82A536082C7DC68B003614CC /* Extensions.swift */; };
		82A5360B2C7DC82F003614CC /* HomeView.swift in Sources */ = {isa = PBXBuildFile; fileRef = 82A5360A2C7DC82F003614CC /* HomeView.swift */; };
		82A5360D2C7DCF98003614CC /* TabBar.swift in Sources */ = {isa = PBXBuildFile; fileRef = 82A5360C2C7DCF98003614CC /* TabBar.swift */; };
		82A5360F2C7DD355003614CC /* Shapes.swift in Sources */ = {isa = PBXBuildFile; fileRef = 82A5360E2C7DD355003614CC /* Shapes.swift */; };
		82A536152C7DDE5C003614CC /* BottomSheet in Frameworks */ = {isa = PBXBuildFile; productRef = 82A536142C7DDE5C003614CC /* BottomSheet */; };
		82A536172C7DDF2D003614CC /* ForecastView.swift in Sources */ = {isa = PBXBuildFile; fileRef = 82A536162C7DDF2D003614CC /* ForecastView.swift */; };
		82A5361B2C7DE218003614CC /* Blur.swift in Sources */ = {isa = PBXBuildFile; fileRef = 82A5361A2C7DE218003614CC /* Blur.swift */; };
		82A5361D2C7DF488003614CC /* SegmentedControl.swift in Sources */ = {isa = PBXBuildFile; fileRef = 82A5361C2C7DF488003614CC /* SegmentedControl.swift */; };
/* End PBXBuildFile section */

/* Begin PBXFileReference section */
		82A535F02C7DC2C2003614CC /* Animate-WeatherApp.app */ = {isa = PBXFileReference; explicitFileType = wrapper.application; includeInIndex = 0; path = "Animate-WeatherApp.app"; sourceTree = BUILT_PRODUCTS_DIR; };
		82A535F32C7DC2C2003614CC /* Animate_WeatherAppApp.swift */ = {isa = PBXFileReference; lastKnownFileType = sourcecode.swift; path = Animate_WeatherAppApp.swift; sourceTree = "<group>"; };
		82A535F52C7DC2C2003614CC /* ContentView.swift */ = {isa = PBXFileReference; lastKnownFileType = sourcecode.swift; path = ContentView.swift; sourceTree = "<group>"; };
		82A535F72C7DC2C4003614CC /* Assets.xcassets */ = {isa = PBXFileReference; lastKnownFileType = folder.assetcatalog; path = Assets.xcassets; sourceTree = "<group>"; };
		82A535FA2C7DC2C4003614CC /* Preview Assets.xcassets */ = {isa = PBXFileReference; lastKnownFileType = folder.assetcatalog; path = "Preview Assets.xcassets"; sourceTree = "<group>"; };
		82A536082C7DC68B003614CC /* Extensions.swift */ = {isa = PBXFileReference; lastKnownFileType = sourcecode.swift; path = Extensions.swift; sourceTree = "<group>"; };
		82A5360A2C7DC82F003614CC /* HomeView.swift */ = {isa = PBXFileReference; lastKnownFileType = sourcecode.swift; path = HomeView.swift; sourceTree = "<group>"; };
		82A5360C2C7DCF98003614CC /* TabBar.swift */ = {isa = PBXFileReference; lastKnownFileType = sourcecode.swift; path = TabBar.swift; sourceTree = "<group>"; };
		82A5360E2C7DD355003614CC /* Shapes.swift */ = {isa = PBXFileReference; lastKnownFileType = sourcecode.swift; path = Shapes.swift; sourceTree = "<group>"; };
		82A536162C7DDF2D003614CC /* ForecastView.swift */ = {isa = PBXFileReference; lastKnownFileType = sourcecode.swift; path = ForecastView.swift; sourceTree = "<group>"; };
		82A5361A2C7DE218003614CC /* Blur.swift */ = {isa = PBXFileReference; lastKnownFileType = sourcecode.swift; path = Blur.swift; sourceTree = "<group>"; };
		82A5361C2C7DF488003614CC /* SegmentedControl.swift */ = {isa = PBXFileReference; lastKnownFileType = sourcecode.swift; path = SegmentedControl.swift; sourceTree = "<group>"; };
/* End PBXFileReference section */

/* Begin PBXFrameworksBuildPhase section */
		82A535ED2C7DC2C2003614CC /* Frameworks */ = {
			isa = PBXFrameworksBuildPhase;
			buildActionMask = 2147483647;
			files = (
				82A536152C7DDE5C003614CC /* BottomSheet in Frameworks */,
			);
			runOnlyForDeploymentPostprocessing = 0;
		};
/* End PBXFrameworksBuildPhase section */

/* Begin PBXGroup section */
		82A535E72C7DC2C2003614CC = {
			isa = PBXGroup;
			children = (
				82A535F22C7DC2C2003614CC /* Animate-WeatherApp */,
				82A535F12C7DC2C2003614CC /* Products */,
			);
			sourceTree = "<group>";
		};
		82A535F12C7DC2C2003614CC /* Products */ = {
			isa = PBXGroup;
			children = (
				82A535F02C7DC2C2003614CC /* Animate-WeatherApp.app */,
			);
			name = Products;
			sourceTree = "<group>";
		};
		82A535F22C7DC2C2003614CC /* Animate-WeatherApp */ = {
			isa = PBXGroup;
			children = (
				82A535F32C7DC2C2003614CC /* Animate_WeatherAppApp.swift */,
				82A536012C7DC438003614CC /* Views */,
				82A536022C7DC44A003614CC /* Models */,
				82A536032C7DC464003614CC /* Utils */,
				82A535F72C7DC2C4003614CC /* Assets.xcassets */,
				82A535F92C7DC2C4003614CC /* Preview Content */,
			);
			path = "Animate-WeatherApp";
			sourceTree = "<group>";
		};
		82A535F92C7DC2C4003614CC /* Preview Content */ = {
			isa = PBXGroup;
			children = (
				82A535FA2C7DC2C4003614CC /* Preview Assets.xcassets */,
			);
			path = "Preview Content";
			sourceTree = "<group>";
		};
		82A536012C7DC438003614CC /* Views */ = {
			isa = PBXGroup;
			children = (
				82A536042C7DC4A4003614CC /* Main */,
				82A536052C7DC4E9003614CC /* Navigation */,
				82A536062C7DC502003614CC /* Details */,
				82A536072C7DC508003614CC /* Components */,
			);
			path = Views;
			sourceTree = "<group>";
		};
		82A536022C7DC44A003614CC /* Models */ = {
			isa = PBXGroup;
			children = (
			);
			path = Models;
			sourceTree = "<group>";
		};
		82A536032C7DC464003614CC /* Utils */ = {
			isa = PBXGroup;
			children = (
				82A536082C7DC68B003614CC /* Extensions.swift */,
				82A5360E2C7DD355003614CC /* Shapes.swift */,
			);
			path = Utils;
			sourceTree = "<group>";
		};
		82A536042C7DC4A4003614CC /* Main */ = {
			isa = PBXGroup;
			children = (
				82A535F52C7DC2C2003614CC /* ContentView.swift */,
				82A5360A2C7DC82F003614CC /* HomeView.swift */,
			);
			path = Main;
			sourceTree = "<group>";
		};
		82A536052C7DC4E9003614CC /* Navigation */ = {
			isa = PBXGroup;
			children = (
				82A5360C2C7DCF98003614CC /* TabBar.swift */,
			);
			path = Navigation;
			sourceTree = "<group>";
		};
		82A536062C7DC502003614CC /* Details */ = {
			isa = PBXGroup;
			children = (
				82A536162C7DDF2D003614CC /* ForecastView.swift */,
			);
			path = Details;
			sourceTree = "<group>";
		};
		82A536072C7DC508003614CC /* Components */ = {
			isa = PBXGroup;
			children = (
				82A5361A2C7DE218003614CC /* Blur.swift */,
				82A5361C2C7DF488003614CC /* SegmentedControl.swift */,
			);
			path = Components;
			sourceTree = "<group>";
		};
/* End PBXGroup section */

/* Begin PBXNativeTarget section */
		82A535EF2C7DC2C2003614CC /* Animate-WeatherApp */ = {
			isa = PBXNativeTarget;
			buildConfigurationList = 82A535FE2C7DC2C4003614CC /* Build configuration list for PBXNativeTarget "Animate-WeatherApp" */;
			buildPhases = (
				82A535EC2C7DC2C2003614CC /* Sources */,
				82A535ED2C7DC2C2003614CC /* Frameworks */,
				82A535EE2C7DC2C2003614CC /* Resources */,
			);
			buildRules = (
			);
			dependencies = (
			);
			name = "Animate-WeatherApp";
			packageProductDependencies = (
				82A536142C7DDE5C003614CC /* BottomSheet */,
			);
			productName = "Animate-WeatherApp";
			productReference = 82A535F02C7DC2C2003614CC /* Animate-WeatherApp.app */;
			productType = "com.apple.product-type.application";
		};
/* End PBXNativeTarget section */

/* Begin PBXProject section */
		82A535E82C7DC2C2003614CC /* Project object */ = {
			isa = PBXProject;
			attributes = {
				BuildIndependentTargetsInParallel = 1;
				LastSwiftUpdateCheck = 1540;
				LastUpgradeCheck = 1540;
				TargetAttributes = {
					82A535EF2C7DC2C2003614CC = {
						CreatedOnToolsVersion = 15.4;
					};
				};
			};
			buildConfigurationList = 82A535EB2C7DC2C2003614CC /* Build configuration list for PBXProject "Animate-WeatherApp" */;
			compatibilityVersion = "Xcode 14.0";
			developmentRegion = en;
			hasScannedForEncodings = 0;
			knownRegions = (
				en,
				Base,
			);
			mainGroup = 82A535E72C7DC2C2003614CC;
			packageReferences = (
				82A536132C7DDE5C003614CC /* XCRemoteSwiftPackageReference "BottomSheet" */,
			);
			productRefGroup = 82A535F12C7DC2C2003614CC /* Products */;
			projectDirPath = "";
			projectRoot = "";
			targets = (
				82A535EF2C7DC2C2003614CC /* Animate-WeatherApp */,
			);
		};
/* End PBXProject section */

/* Begin PBXResourcesBuildPhase section */
		82A535EE2C7DC2C2003614CC /* Resources */ = {
			isa = PBXResourcesBuildPhase;
			buildActionMask = 2147483647;
			files = (
				82A535FB2C7DC2C4003614CC /* Preview Assets.xcassets in Resources */,
				82A535F82C7DC2C4003614CC /* Assets.xcassets in Resources */,
			);
			runOnlyForDeploymentPostprocessing = 0;
		};
/* End PBXResourcesBuildPhase section */

/* Begin PBXSourcesBuildPhase section */
		82A535EC2C7DC2C2003614CC /* Sources */ = {
			isa = PBXSourcesBuildPhase;
			buildActionMask = 2147483647;
			files = (
				82A535F62C7DC2C2003614CC /* ContentView.swift in Sources */,
				82A5361D2C7DF488003614CC /* SegmentedControl.swift in Sources */,
				82A5360B2C7DC82F003614CC /* HomeView.swift in Sources */,
				82A5361B2C7DE218003614CC /* Blur.swift in Sources */,
				82A536092C7DC68B003614CC /* Extensions.swift in Sources */,
				82A535F42C7DC2C2003614CC /* Animate_WeatherAppApp.swift in Sources */,
				82A536172C7DDF2D003614CC /* ForecastView.swift in Sources */,
				82A5360D2C7DCF98003614CC /* TabBar.swift in Sources */,
				82A5360F2C7DD355003614CC /* Shapes.swift in Sources */,
			);
			runOnlyForDeploymentPostprocessing = 0;
		};
/* End PBXSourcesBuildPhase section */

/* Begin XCBuildConfiguration section */
		82A535FC2C7DC2C4003614CC /* Debug */ = {
			isa = XCBuildConfiguration;
			buildSettings = {
				ALWAYS_SEARCH_USER_PATHS = NO;
				ASSETCATALOG_COMPILER_GENERATE_SWIFT_ASSET_SYMBOL_EXTENSIONS = YES;
				CLANG_ANALYZER_NONNULL = YES;
				CLANG_ANALYZER_NUMBER_OBJECT_CONVERSION = YES_AGGRESSIVE;
				CLANG_CXX_LANGUAGE_STANDARD = "gnu++20";
				CLANG_ENABLE_MODULES = YES;
				CLANG_ENABLE_OBJC_ARC = YES;
				CLANG_ENABLE_OBJC_WEAK = YES;
				CLANG_WARN_BLOCK_CAPTURE_AUTORELEASING = YES;
				CLANG_WARN_BOOL_CONVERSION = YES;
				CLANG_WARN_COMMA = YES;
				CLANG_WARN_CONSTANT_CONVERSION = YES;
				CLANG_WARN_DEPRECATED_OBJC_IMPLEMENTATIONS = YES;
				CLANG_WARN_DIRECT_OBJC_ISA_USAGE = YES_ERROR;
				CLANG_WARN_DOCUMENTATION_COMMENTS = YES;
				CLANG_WARN_EMPTY_BODY = YES;
				CLANG_WARN_ENUM_CONVERSION = YES;
				CLANG_WARN_INFINITE_RECURSION = YES;
				CLANG_WARN_INT_CONVERSION = YES;
				CLANG_WARN_NON_LITERAL_NULL_CONVERSION = YES;
				CLANG_WARN_OBJC_IMPLICIT_RETAIN_SELF = YES;
				CLANG_WARN_OBJC_LITERAL_CONVERSION = YES;
				CLANG_WARN_OBJC_ROOT_CLASS = YES_ERROR;
				CLANG_WARN_QUOTED_INCLUDE_IN_FRAMEWORK_HEADER = YES;
				CLANG_WARN_RANGE_LOOP_ANALYSIS = YES;
				CLANG_WARN_STRICT_PROTOTYPES = YES;
				CLANG_WARN_SUSPICIOUS_MOVE = YES;
				CLANG_WARN_UNGUARDED_AVAILABILITY = YES_AGGRESSIVE;
				CLANG_WARN_UNREACHABLE_CODE = YES;
				CLANG_WARN__DUPLICATE_METHOD_MATCH = YES;
				COPY_PHASE_STRIP = NO;
				DEBUG_INFORMATION_FORMAT = dwarf;
				ENABLE_STRICT_OBJC_MSGSEND = YES;
				ENABLE_TESTABILITY = YES;
				ENABLE_USER_SCRIPT_SANDBOXING = YES;
				GCC_C_LANGUAGE_STANDARD = gnu17;
				GCC_DYNAMIC_NO_PIC = NO;
				GCC_NO_COMMON_BLOCKS = YES;
				GCC_OPTIMIZATION_LEVEL = 0;
				GCC_PREPROCESSOR_DEFINITIONS = (
					"DEBUG=1",
					"$(inherited)",
				);
				GCC_WARN_64_TO_32_BIT_CONVERSION = YES;
				GCC_WARN_ABOUT_RETURN_TYPE = YES_ERROR;
				GCC_WARN_UNDECLARED_SELECTOR = YES;
				GCC_WARN_UNINITIALIZED_AUTOS = YES_AGGRESSIVE;
				GCC_WARN_UNUSED_FUNCTION = YES;
				GCC_WARN_UNUSED_VARIABLE = YES;
				IPHONEOS_DEPLOYMENT_TARGET = 17.5;
				LOCALIZATION_PREFERS_STRING_CATALOGS = YES;
				MTL_ENABLE_DEBUG_INFO = INCLUDE_SOURCE;
				MTL_FAST_MATH = YES;
				ONLY_ACTIVE_ARCH = YES;
				SDKROOT = iphoneos;
				SWIFT_ACTIVE_COMPILATION_CONDITIONS = "DEBUG $(inherited)";
				SWIFT_OPTIMIZATION_LEVEL = "-Onone";
			};
			name = Debug;
		};
		82A535FD2C7DC2C4003614CC /* Release */ = {
			isa = XCBuildConfiguration;
			buildSettings = {
				ALWAYS_SEARCH_USER_PATHS = NO;
				ASSETCATALOG_COMPILER_GENERATE_SWIFT_ASSET_SYMBOL_EXTENSIONS = YES;
				CLANG_ANALYZER_NONNULL = YES;
				CLANG_ANALYZER_NUMBER_OBJECT_CONVERSION = YES_AGGRESSIVE;
				CLANG_CXX_LANGUAGE_STANDARD = "gnu++20";
				CLANG_ENABLE_MODULES = YES;
				CLANG_ENABLE_OBJC_ARC = YES;
				CLANG_ENABLE_OBJC_WEAK = YES;
				CLANG_WARN_BLOCK_CAPTURE_AUTORELEASING = YES;
				CLANG_WARN_BOOL_CONVERSION = YES;
				CLANG_WARN_COMMA = YES;
				CLANG_WARN_CONSTANT_CONVERSION = YES;
				CLANG_WARN_DEPRECATED_OBJC_IMPLEMENTATIONS = YES;
				CLANG_WARN_DIRECT_OBJC_ISA_USAGE = YES_ERROR;
				CLANG_WARN_DOCUMENTATION_COMMENTS = YES;
				CLANG_WARN_EMPTY_BODY = YES;
				CLANG_WARN_ENUM_CONVERSION = YES;
				CLANG_WARN_INFINITE_RECURSION = YES;
				CLANG_WARN_INT_CONVERSION = YES;
				CLANG_WARN_NON_LITERAL_NULL_CONVERSION = YES;
				CLANG_WARN_OBJC_IMPLICIT_RETAIN_SELF = YES;
				CLANG_WARN_OBJC_LITERAL_CONVERSION = YES;
				CLANG_WARN_OBJC_ROOT_CLASS = YES_ERROR;
				CLANG_WARN_QUOTED_INCLUDE_IN_FRAMEWORK_HEADER = YES;
				CLANG_WARN_RANGE_LOOP_ANALYSIS = YES;
				CLANG_WARN_STRICT_PROTOTYPES = YES;
				CLANG_WARN_SUSPICIOUS_MOVE = YES;
				CLANG_WARN_UNGUARDED_AVAILABILITY = YES_AGGRESSIVE;
				CLANG_WARN_UNREACHABLE_CODE = YES;
				CLANG_WARN__DUPLICATE_METHOD_MATCH = YES;
				COPY_PHASE_STRIP = NO;
				DEBUG_INFORMATION_FORMAT = "dwarf-with-dsym";
				ENABLE_NS_ASSERTIONS = NO;
				ENABLE_STRICT_OBJC_MSGSEND = YES;
				ENABLE_USER_SCRIPT_SANDBOXING = YES;
				GCC_C_LANGUAGE_STANDARD = gnu17;
				GCC_NO_COMMON_BLOCKS = YES;
				GCC_WARN_64_TO_32_BIT_CONVERSION = YES;
				GCC_WARN_ABOUT_RETURN_TYPE = YES_ERROR;
				GCC_WARN_UNDECLARED_SELECTOR = YES;
				GCC_WARN_UNINITIALIZED_AUTOS = YES_AGGRESSIVE;
				GCC_WARN_UNUSED_FUNCTION = YES;
				GCC_WARN_UNUSED_VARIABLE = YES;
				IPHONEOS_DEPLOYMENT_TARGET = 17.5;
				LOCALIZATION_PREFERS_STRING_CATALOGS = YES;
				MTL_ENABLE_DEBUG_INFO = NO;
				MTL_FAST_MATH = YES;
				SDKROOT = iphoneos;
				SWIFT_COMPILATION_MODE = wholemodule;
				VALIDATE_PRODUCT = YES;
			};
			name = Release;
		};
		82A535FF2C7DC2C4003614CC /* Debug */ = {
			isa = XCBuildConfiguration;
			buildSettings = {
				ASSETCATALOG_COMPILER_APPICON_NAME = AppIcon;
				ASSETCATALOG_COMPILER_GLOBAL_ACCENT_COLOR_NAME = AccentColor;
				CODE_SIGN_STYLE = Automatic;
				CURRENT_PROJECT_VERSION = 1;
				DEVELOPMENT_ASSET_PATHS = "\"Animate-WeatherApp/Preview Content\"";
				DEVELOPMENT_TEAM = D27FHR29X4;
				ENABLE_PREVIEWS = YES;
				GENERATE_INFOPLIST_FILE = YES;
				INFOPLIST_KEY_UIApplicationSceneManifest_Generation = YES;
				INFOPLIST_KEY_UIApplicationSupportsIndirectInputEvents = YES;
				INFOPLIST_KEY_UILaunchScreen_Generation = YES;
				INFOPLIST_KEY_UISupportedInterfaceOrientations_iPad = "UIInterfaceOrientationPortrait UIInterfaceOrientationPortraitUpsideDown UIInterfaceOrientationLandscapeLeft UIInterfaceOrientationLandscapeRight";
				INFOPLIST_KEY_UISupportedInterfaceOrientations_iPhone = "UIInterfaceOrientationPortrait UIInterfaceOrientationLandscapeLeft UIInterfaceOrientationLandscapeRight";
				LD_RUNPATH_SEARCH_PATHS = (
					"$(inherited)",
					"@executable_path/Frameworks",
				);
				MARKETING_VERSION = 1.0;
				PRODUCT_BUNDLE_IDENTIFIER = "Azer.Animate-WeatherApp";
				PRODUCT_NAME = "$(TARGET_NAME)";
				SWIFT_EMIT_LOC_STRINGS = YES;
				SWIFT_VERSION = 5.0;
				TARGETED_DEVICE_FAMILY = "1,2";
			};
			name = Debug;
		};
		82A536002C7DC2C4003614CC /* Release */ = {
			isa = XCBuildConfiguration;
			buildSettings = {
				ASSETCATALOG_COMPILER_APPICON_NAME = AppIcon;
				ASSETCATALOG_COMPILER_GLOBAL_ACCENT_COLOR_NAME = AccentColor;
				CODE_SIGN_STYLE = Automatic;
				CURRENT_PROJECT_VERSION = 1;
				DEVELOPMENT_ASSET_PATHS = "\"Animate-WeatherApp/Preview Content\"";
				DEVELOPMENT_TEAM = D27FHR29X4;
				ENABLE_PREVIEWS = YES;
				GENERATE_INFOPLIST_FILE = YES;
				INFOPLIST_KEY_UIApplicationSceneManifest_Generation = YES;
				INFOPLIST_KEY_UIApplicationSupportsIndirectInputEvents = YES;
				INFOPLIST_KEY_UILaunchScreen_Generation = YES;
				INFOPLIST_KEY_UISupportedInterfaceOrientations_iPad = "UIInterfaceOrientationPortrait UIInterfaceOrientationPortraitUpsideDown UIInterfaceOrientationLandscapeLeft UIInterfaceOrientationLandscapeRight";
				INFOPLIST_KEY_UISupportedInterfaceOrientations_iPhone = "UIInterfaceOrientationPortrait UIInterfaceOrientationLandscapeLeft UIInterfaceOrientationLandscapeRight";
				LD_RUNPATH_SEARCH_PATHS = (
					"$(inherited)",
					"@executable_path/Frameworks",
				);
				MARKETING_VERSION = 1.0;
				PRODUCT_BUNDLE_IDENTIFIER = "Azer.Animate-WeatherApp";
				PRODUCT_NAME = "$(TARGET_NAME)";
				SWIFT_EMIT_LOC_STRINGS = YES;
				SWIFT_VERSION = 5.0;
				TARGETED_DEVICE_FAMILY = "1,2";
			};
			name = Release;
		};
/* End XCBuildConfiguration section */

/* Begin XCConfigurationList section */
		82A535EB2C7DC2C2003614CC /* Build configuration list for PBXProject "Animate-WeatherApp" */ = {
			isa = XCConfigurationList;
			buildConfigurations = (
				82A535FC2C7DC2C4003614CC /* Debug */,
				82A535FD2C7DC2C4003614CC /* Release */,
			);
			defaultConfigurationIsVisible = 0;
			defaultConfigurationName = Release;
		};
		82A535FE2C7DC2C4003614CC /* Build configuration list for PBXNativeTarget "Animate-WeatherApp" */ = {
			isa = XCConfigurationList;
			buildConfigurations = (
				82A535FF2C7DC2C4003614CC /* Debug */,
				82A536002C7DC2C4003614CC /* Release */,
			);
			defaultConfigurationIsVisible = 0;
			defaultConfigurationName = Release;
		};
/* End XCConfigurationList section */

/* Begin XCRemoteSwiftPackageReference section */
		82A536132C7DDE5C003614CC /* XCRemoteSwiftPackageReference "BottomSheet" */ = {
			isa = XCRemoteSwiftPackageReference;
			repositoryURL = "https://github.com/Wouter125/BottomSheet";
			requirement = {
				kind = upToNextMajorVersion;
				minimumVersion = 1.4.5;
			};
		};
/* End XCRemoteSwiftPackageReference section */

/* Begin XCSwiftPackageProductDependency section */
		82A536142C7DDE5C003614CC /* BottomSheet */ = {
			isa = XCSwiftPackageProductDependency;
			package = 82A536132C7DDE5C003614CC /* XCRemoteSwiftPackageReference "BottomSheet" */;
			productName = BottomSheet;
		};
/* End XCSwiftPackageProductDependency section */
	};
	rootObject = 82A535E82C7DC2C2003614CC /* Project object */;
}
